
Microsoft Visual Studio Solution File, Format Version 12.00
# SQL Server Management Studio Version 21
VisualStudioVersion = 17.14.36603.0 d17.14
MinimumVisualStudioVersion = 10.0.40219.1
Project("{4F2E2C19-372F-40D8-9FA7-9D2138C6997A}") = "BetMng", "BetMng.ssmssqlproj", "{9B10E417-630D-4069-17FA-92B3EFB145CC}"
EndProject
Global
	GlobalSection(SolutionConfigurationPlatforms) = preSolution
		Default|Default = Default|Default
	EndGlobalSection
	GlobalSection(ProjectConfigurationPlatforms) = postSolution
		{9B10E417-630D-4069-17FA-92B3EFB145CC}.Default|Default.ActiveCfg = Default
		{794823E3-5598-4276-974D-18FB87B0D9D6}.Default|Default.ActiveCfg = Default
	EndGlobalSection
	GlobalSection(SolutionProperties) = preSolution
		HideSolutionNode = FALSE
	EndGlobalSection
	GlobalSection(ExtensibilityGlobals) = postSolution
		SolutionGuid = {D19B0C2F-F656-407A-9D7D-601FAD730D7E}
	EndGlobalSection
EndGlobal
